
Microsoft Visual Studio Solution File, Format Version 12.00
Project("{FAE04EC0-301F-11D3-BF4B-00C04F79EFBC}") = "Exercicio-playlist", "Exercicio-playlist\Exercicio-playlist.csproj", "{6E0A170F-EECC-4DB2-9727-73A9B016A296}"
EndProject
Global
	GlobalSection(SolutionConfigurationPlatforms) = preSolution
		Debug|Any CPU = Debug|Any CPU
		Release|Any CPU = Release|Any CPU
	EndGlobalSection
	GlobalSection(ProjectConfigurationPlatforms) = postSolution
		{6E0A170F-EECC-4DB2-9727-73A9B016A296}.Debug|Any CPU.ActiveCfg = Debug|Any CPU
		{6E0A170F-EECC-4DB2-9727-73A9B016A296}.Debug|Any CPU.Build.0 = Debug|Any CPU
		{6E0A170F-EECC-4DB2-9727-73A9B016A296}.Release|Any CPU.ActiveCfg = Release|Any CPU
		{6E0A170F-EECC-4DB2-9727-73A9B016A296}.Release|Any CPU.Build.0 = Release|Any CPU
	EndGlobalSection
EndGlobal
